// !$*UTF8*$!
{
	archiveVersion = 1;
	classes = {
	};
	objectVersion = 50;
	objects = {

/* Begin PBXBuildFile section */
		3D7DB3042202513B00DF3698 /* MathCalculator.swift in Sources */ = {isa = PBXBuildFile; fileRef = 3D7DB3032202513B00DF3698 /* MathCalculator.swift */; };
		3DA185DD21FFCDAB00EAED18 /* AppDelegate.swift in Sources */ = {isa = PBXBuildFile; fileRef = 3DA185DC21FFCDAB00EAED18 /* AppDelegate.swift */; };
		3DA185E221FFCDAB00EAED18 /* Main.storyboard in Resources */ = {isa = PBXBuildFile; fileRef = 3DA185E021FFCDAB00EAED18 /* Main.storyboard */; };
		3DA185E421FFCDAD00EAED18 /* Assets.xcassets in Resources */ = {isa = PBXBuildFile; fileRef = 3DA185E321FFCDAD00EAED18 /* Assets.xcassets */; };
		3DA185E721FFCDAD00EAED18 /* LaunchScreen.storyboard in Resources */ = {isa = PBXBuildFile; fileRef = 3DA185E521FFCDAD00EAED18 /* LaunchScreen.storyboard */; };
		3DA185F52200801700EAED18 /* SimpleCalcMVP.swift in Sources */ = {isa = PBXBuildFile; fileRef = 3DA185F42200801700EAED18 /* SimpleCalcMVP.swift */; };
		3DA185F92200880500EAED18 /* SimpleCalcPresenterImpl.swift in Sources */ = {isa = PBXBuildFile; fileRef = 3DA185F82200880500EAED18 /* SimpleCalcPresenterImpl.swift */; };
		3DA185FD22008CE200EAED18 /* SimpleCalcViewImpl.swift in Sources */ = {isa = PBXBuildFile; fileRef = 3DA185FC22008CE200EAED18 /* SimpleCalcViewImpl.swift */; };
		3DA185FF2200901C00EAED18 /* Constants.swift in Sources */ = {isa = PBXBuildFile; fileRef = 3DA185FE2200901C00EAED18 /* Constants.swift */; };
		3DA186012200B15B00EAED18 /* OperationModel.swift in Sources */ = {isa = PBXBuildFile; fileRef = 3DA186002200B15B00EAED18 /* OperationModel.swift */; };
		72393339266E684100004A0D /* SimpleCalculatorUITests.swift in Sources */ = {isa = PBXBuildFile; fileRef = 72393338266E684100004A0D /* SimpleCalculatorUITests.swift */; };
		72B4B2F12670CED40072CA15 /* SimpleCalculatorUIPageObjectTest.swift in Sources */ = {isa = PBXBuildFile; fileRef = 72B4B2F02670CED40072CA15 /* SimpleCalculatorUIPageObjectTest.swift */; };
		72B4B30E2670D9510072CA15 /* BaseClass.swift in Sources */ = {isa = PBXBuildFile; fileRef = 72B4B30D2670D9510072CA15 /* BaseClass.swift */; };
		72B4B3152670D98B0072CA15 /* CalculatorScreen.swift in Sources */ = {isa = PBXBuildFile; fileRef = 72B4B3142670D98B0072CA15 /* CalculatorScreen.swift */; };
		72B4B31B2670DA5F0072CA15 /* PageObject.swift in Sources */ = {isa = PBXBuildFile; fileRef = 72B4B31A2670DA5F0072CA15 /* PageObject.swift */; };
		F17BEF47674D6BCAF5A5B158 /* Pods_SimpleCalculator.framework in Frameworks */ = {isa = PBXBuildFile; fileRef = E974D233489DECEF86014894 /* Pods_SimpleCalculator.framework */; };
/* End PBXBuildFile section */

/* Begin PBXContainerItemProxy section */
		7239333B266E684100004A0D /* PBXContainerItemProxy */ = {
			isa = PBXContainerItemProxy;
			containerPortal = 3DA185D121FFCDAB00EAED18 /* Project object */;
			proxyType = 1;
			remoteGlobalIDString = 3DA185D821FFCDAB00EAED18;
			remoteInfo = SimpleCalculator;
		};
/* End PBXContainerItemProxy section */

/* Begin PBXFileReference section */
		3D7DB3032202513B00DF3698 /* MathCalculator.swift */ = {isa = PBXFileReference; lastKnownFileType = sourcecode.swift; path = MathCalculator.swift; sourceTree = "<group>"; };
		3DA185D921FFCDAB00EAED18 /* SimpleCalculator.app */ = {isa = PBXFileReference; explicitFileType = wrapper.application; includeInIndex = 0; path = SimpleCalculator.app; sourceTree = BUILT_PRODUCTS_DIR; };
		3DA185DC21FFCDAB00EAED18 /* AppDelegate.swift */ = {isa = PBXFileReference; lastKnownFileType = sourcecode.swift; path = AppDelegate.swift; sourceTree = "<group>"; };
		3DA185E121FFCDAB00EAED18 /* Base */ = {isa = PBXFileReference; lastKnownFileType = file.storyboard; name = Base; path = Base.lproj/Main.storyboard; sourceTree = "<group>"; };
		3DA185E321FFCDAD00EAED18 /* Assets.xcassets */ = {isa = PBXFileReference; lastKnownFileType = folder.assetcatalog; path = Assets.xcassets; sourceTree = "<group>"; };
		3DA185E621FFCDAD00EAED18 /* Base */ = {isa = PBXFileReference; lastKnownFileType = file.storyboard; name = Base; path = Base.lproj/LaunchScreen.storyboard; sourceTree = "<group>"; };
		3DA185E821FFCDAD00EAED18 /* Info.plist */ = {isa = PBXFileReference; lastKnownFileType = text.plist.xml; path = Info.plist; sourceTree = "<group>"; };
		3DA185F42200801700EAED18 /* SimpleCalcMVP.swift */ = {isa = PBXFileReference; lastKnownFileType = sourcecode.swift; path = SimpleCalcMVP.swift; sourceTree = "<group>"; };
		3DA185F82200880500EAED18 /* SimpleCalcPresenterImpl.swift */ = {isa = PBXFileReference; lastKnownFileType = sourcecode.swift; path = SimpleCalcPresenterImpl.swift; sourceTree = "<group>"; };
		3DA185FC22008CE200EAED18 /* SimpleCalcViewImpl.swift */ = {isa = PBXFileReference; lastKnownFileType = sourcecode.swift; path = SimpleCalcViewImpl.swift; sourceTree = "<group>"; };
		3DA185FE2200901C00EAED18 /* Constants.swift */ = {isa = PBXFileReference; lastKnownFileType = sourcecode.swift; path = Constants.swift; sourceTree = "<group>"; };
		3DA186002200B15B00EAED18 /* OperationModel.swift */ = {isa = PBXFileReference; lastKnownFileType = sourcecode.swift; path = OperationModel.swift; sourceTree = "<group>"; };
		68BA6074DDF34DA73B109759 /* Pods_SimpleCalculator_SimpleCalculatorTests.framework */ = {isa = PBXFileReference; explicitFileType = wrapper.framework; includeInIndex = 0; path = Pods_SimpleCalculator_SimpleCalculatorTests.framework; sourceTree = BUILT_PRODUCTS_DIR; };
		72393336266E684100004A0D /* SimpleCalculatorUITests.xctest */ = {isa = PBXFileReference; explicitFileType = wrapper.cfbundle; includeInIndex = 0; path = SimpleCalculatorUITests.xctest; sourceTree = BUILT_PRODUCTS_DIR; };
		72393338266E684100004A0D /* SimpleCalculatorUITests.swift */ = {isa = PBXFileReference; lastKnownFileType = sourcecode.swift; path = SimpleCalculatorUITests.swift; sourceTree = "<group>"; };
		7239333A266E684100004A0D /* Info.plist */ = {isa = PBXFileReference; lastKnownFileType = text.plist.xml; path = Info.plist; sourceTree = "<group>"; };
		72B4B2F02670CED40072CA15 /* SimpleCalculatorUIPageObjectTest.swift */ = {isa = PBXFileReference; lastKnownFileType = sourcecode.swift; path = SimpleCalculatorUIPageObjectTest.swift; sourceTree = "<group>"; };
		72B4B30D2670D9510072CA15 /* BaseClass.swift */ = {isa = PBXFileReference; lastKnownFileType = sourcecode.swift; path = BaseClass.swift; sourceTree = "<group>"; };
		72B4B3142670D98B0072CA15 /* CalculatorScreen.swift */ = {isa = PBXFileReference; lastKnownFileType = sourcecode.swift; path = CalculatorScreen.swift; sourceTree = "<group>"; };
		72B4B31A2670DA5F0072CA15 /* PageObject.swift */ = {isa = PBXFileReference; lastKnownFileType = sourcecode.swift; path = PageObject.swift; sourceTree = "<group>"; };
		7BF78B81773B3FC4F962056A /* Pods-SimpleCalculator.release.xcconfig */ = {isa = PBXFileReference; includeInIndex = 1; lastKnownFileType = text.xcconfig; name = "Pods-SimpleCalculator.release.xcconfig"; path = "Pods/Target Support Files/Pods-SimpleCalculator/Pods-SimpleCalculator.release.xcconfig"; sourceTree = "<group>"; };
		7E8250D74CF71478C0C6487B /* Pods-SimpleCalculator-SimpleCalculatorTests.debug.xcconfig */ = {isa = PBXFileReference; includeInIndex = 1; lastKnownFileType = text.xcconfig; name = "Pods-SimpleCalculator-SimpleCalculatorTests.debug.xcconfig"; path = "Pods/Target Support Files/Pods-SimpleCalculator-SimpleCalculatorTests/Pods-SimpleCalculator-SimpleCalculatorTests.debug.xcconfig"; sourceTree = "<group>"; };
		8A41EABEA64813EA5C20CCA7 /* Pods-SimpleCalculator-SimpleCalculatorTests.release.xcconfig */ = {isa = PBXFileReference; includeInIndex = 1; lastKnownFileType = text.xcconfig; name = "Pods-SimpleCalculator-SimpleCalculatorTests.release.xcconfig"; path = "Pods/Target Support Files/Pods-SimpleCalculator-SimpleCalculatorTests/Pods-SimpleCalculator-SimpleCalculatorTests.release.xcconfig"; sourceTree = "<group>"; };
		8E60477E2BB28ED4E5B27DD7 /* Pods-SimpleCalculator.debug.xcconfig */ = {isa = PBXFileReference; includeInIndex = 1; lastKnownFileType = text.xcconfig; name = "Pods-SimpleCalculator.debug.xcconfig"; path = "Pods/Target Support Files/Pods-SimpleCalculator/Pods-SimpleCalculator.debug.xcconfig"; sourceTree = "<group>"; };
		E974D233489DECEF86014894 /* Pods_SimpleCalculator.framework */ = {isa = PBXFileReference; explicitFileType = wrapper.framework; includeInIndex = 0; path = Pods_SimpleCalculator.framework; sourceTree = BUILT_PRODUCTS_DIR; };
/* End PBXFileReference section */

/* Begin PBXFrameworksBuildPhase section */
		3DA185D621FFCDAB00EAED18 /* Frameworks */ = {
			isa = PBXFrameworksBuildPhase;
			buildActionMask = 2147483647;
			files = (
				F17BEF47674D6BCAF5A5B158 /* Pods_SimpleCalculator.framework in Frameworks */,
			);
			runOnlyForDeploymentPostprocessing = 0;
		};
		72393333266E684100004A0D /* Frameworks */ = {
			isa = PBXFrameworksBuildPhase;
			buildActionMask = 2147483647;
			files = (
			);
			runOnlyForDeploymentPostprocessing = 0;
		};
/* End PBXFrameworksBuildPhase section */

/* Begin PBXGroup section */
		3D7DB3052202532000DF3698 /* Helpers */ = {
			isa = PBXGroup;
			children = (
				3D7DB3032202513B00DF3698 /* MathCalculator.swift */,
			);
			path = Helpers;
			sourceTree = "<group>";
		};
		3DA185D021FFCDAB00EAED18 = {
			isa = PBXGroup;
			children = (
				3DA185DB21FFCDAB00EAED18 /* SimpleCalculator */,
				72393337266E684100004A0D /* SimpleCalculatorUITests */,
				3DA185DA21FFCDAB00EAED18 /* Products */,
				563161BBF93430677C9F971C /* Pods */,
				CB46A45A8E7AEF43722B37FD /* Frameworks */,
			);
			sourceTree = "<group>";
		};
		3DA185DA21FFCDAB00EAED18 /* Products */ = {
			isa = PBXGroup;
			children = (
				3DA185D921FFCDAB00EAED18 /* SimpleCalculator.app */,
				72393336266E684100004A0D /* SimpleCalculatorUITests.xctest */,
			);
			name = Products;
			sourceTree = "<group>";
		};
		3DA185DB21FFCDAB00EAED18 /* SimpleCalculator */ = {
			isa = PBXGroup;
			children = (
				72B4B3132670D9780072CA15 /* Screens */,
				72B4B30C2670D9400072CA15 /* Base */,
				3DA185F121FFDA5E00EAED18 /* Application */,
				3DA185F221FFDA7200EAED18 /* Resources */,
				3DA185F321FFDAFC00EAED18 /* MVP */,
				3DA185E021FFCDAB00EAED18 /* Main.storyboard */,
				3DA185E521FFCDAD00EAED18 /* LaunchScreen.storyboard */,
				3DA185E821FFCDAD00EAED18 /* Info.plist */,
			);
			path = SimpleCalculator;
			sourceTree = "<group>";
		};
		3DA185EE21FFDA4100EAED18 /* Model */ = {
			isa = PBXGroup;
			children = (
				3DA186002200B15B00EAED18 /* OperationModel.swift */,
			);
			path = Model;
			sourceTree = "<group>";
		};
		3DA185EF21FFDA4A00EAED18 /* View */ = {
			isa = PBXGroup;
			children = (
				3DA185FC22008CE200EAED18 /* SimpleCalcViewImpl.swift */,
			);
			path = View;
			sourceTree = "<group>";
		};
		3DA185F021FFDA5600EAED18 /* Presenter */ = {
			isa = PBXGroup;
			children = (
				3DA185F82200880500EAED18 /* SimpleCalcPresenterImpl.swift */,
			);
			path = Presenter;
			sourceTree = "<group>";
		};
		3DA185F121FFDA5E00EAED18 /* Application */ = {
			isa = PBXGroup;
			children = (
				3DA185DC21FFCDAB00EAED18 /* AppDelegate.swift */,
				3DA185FE2200901C00EAED18 /* Constants.swift */,
			);
			path = Application;
			sourceTree = "<group>";
		};
		3DA185F221FFDA7200EAED18 /* Resources */ = {
			isa = PBXGroup;
			children = (
				3DA185E321FFCDAD00EAED18 /* Assets.xcassets */,
			);
			path = Resources;
			sourceTree = "<group>";
		};
		3DA185F321FFDAFC00EAED18 /* MVP */ = {
			isa = PBXGroup;
			children = (
				3DA185F42200801700EAED18 /* SimpleCalcMVP.swift */,
				3DA185EF21FFDA4A00EAED18 /* View */,
				3DA185EE21FFDA4100EAED18 /* Model */,
				3DA185F021FFDA5600EAED18 /* Presenter */,
				3D7DB3052202532000DF3698 /* Helpers */,
			);
			path = MVP;
			sourceTree = "<group>";
		};
		563161BBF93430677C9F971C /* Pods */ = {
			isa = PBXGroup;
			children = (
				8E60477E2BB28ED4E5B27DD7 /* Pods-SimpleCalculator.debug.xcconfig */,
				7BF78B81773B3FC4F962056A /* Pods-SimpleCalculator.release.xcconfig */,
				7E8250D74CF71478C0C6487B /* Pods-SimpleCalculator-SimpleCalculatorTests.debug.xcconfig */,
				8A41EABEA64813EA5C20CCA7 /* Pods-SimpleCalculator-SimpleCalculatorTests.release.xcconfig */,
			);
			name = Pods;
			sourceTree = "<group>";
		};
		72393337266E684100004A0D /* SimpleCalculatorUITests */ = {
			isa = PBXGroup;
			children = (
				72393338266E684100004A0D /* SimpleCalculatorUITests.swift */,
				7239333A266E684100004A0D /* Info.plist */,
				72B4B2F02670CED40072CA15 /* SimpleCalculatorUIPageObjectTest.swift */,
			);
			path = SimpleCalculatorUITests;
			sourceTree = "<group>";
		};
		72B4B30C2670D9400072CA15 /* Base */ = {
			isa = PBXGroup;
			children = (
				72B4B30D2670D9510072CA15 /* BaseClass.swift */,
				72B4B31A2670DA5F0072CA15 /* PageObject.swift */,
			);
			path = Base;
			sourceTree = "<group>";
		};
		72B4B3132670D9780072CA15 /* Screens */ = {
			isa = PBXGroup;
			children = (
				72B4B3142670D98B0072CA15 /* CalculatorScreen.swift */,
			);
			path = Screens;
			sourceTree = "<group>";
		};
		CB46A45A8E7AEF43722B37FD /* Frameworks */ = {
			isa = PBXGroup;
			children = (
				E974D233489DECEF86014894 /* Pods_SimpleCalculator.framework */,
				68BA6074DDF34DA73B109759 /* Pods_SimpleCalculator_SimpleCalculatorTests.framework */,
			);
			name = Frameworks;
			sourceTree = "<group>";
		};
/* End PBXGroup section */

/* Begin PBXNativeTarget section */
		3DA185D821FFCDAB00EAED18 /* SimpleCalculator */ = {
			isa = PBXNativeTarget;
			buildConfigurationList = 3DA185EB21FFCDAD00EAED18 /* Build configuration list for PBXNativeTarget "SimpleCalculator" */;
			buildPhases = (
				3569CECE5DE786C2364A571C /* [CP] Check Pods Manifest.lock */,
				3DA185D521FFCDAB00EAED18 /* Sources */,
				3DA185D621FFCDAB00EAED18 /* Frameworks */,
				3DA185D721FFCDAB00EAED18 /* Resources */,
				AFC953C99B27C9D128175471 /* [CP] Embed Pods Frameworks */,
			);
			buildRules = (
			);
			dependencies = (
			);
			name = SimpleCalculator;
			productName = SimpleCalculator;
			productReference = 3DA185D921FFCDAB00EAED18 /* SimpleCalculator.app */;
			productType = "com.apple.product-type.application";
		};
		72393335266E684100004A0D /* SimpleCalculatorUITests */ = {
			isa = PBXNativeTarget;
			buildConfigurationList = 7239333D266E684100004A0D /* Build configuration list for PBXNativeTarget "SimpleCalculatorUITests" */;
			buildPhases = (
				72393332266E684100004A0D /* Sources */,
				72393333266E684100004A0D /* Frameworks */,
				72393334266E684100004A0D /* Resources */,
			);
			buildRules = (
			);
			dependencies = (
				7239333C266E684100004A0D /* PBXTargetDependency */,
			);
			name = SimpleCalculatorUITests;
			productName = SimpleCalculatorUITests;
			productReference = 72393336266E684100004A0D /* SimpleCalculatorUITests.xctest */;
			productType = "com.apple.product-type.bundle.ui-testing";
		};
/* End PBXNativeTarget section */

/* Begin PBXProject section */
		3DA185D121FFCDAB00EAED18 /* Project object */ = {
			isa = PBXProject;
			attributes = {
				LastSwiftUpdateCheck = 1200;
				LastUpgradeCheck = 1010;
				ORGANIZATIONNAME = fpiruzi;
				TargetAttributes = {
					3DA185D821FFCDAB00EAED18 = {
						CreatedOnToolsVersion = 10.1;
					};
					72393335266E684100004A0D = {
						CreatedOnToolsVersion = 12.0;
						TestTargetID = 3DA185D821FFCDAB00EAED18;
					};
				};
			};
			buildConfigurationList = 3DA185D421FFCDAB00EAED18 /* Build configuration list for PBXProject "SimpleCalculator" */;
			compatibilityVersion = "Xcode 9.3";
			developmentRegion = en;
			hasScannedForEncodings = 0;
			knownRegions = (
				en,
				Base,
			);
			mainGroup = 3DA185D021FFCDAB00EAED18;
			productRefGroup = 3DA185DA21FFCDAB00EAED18 /* Products */;
			projectDirPath = "";
			projectRoot = "";
			targets = (
				3DA185D821FFCDAB00EAED18 /* SimpleCalculator */,
				72393335266E684100004A0D /* SimpleCalculatorUITests */,
			);
		};
/* End PBXProject section */

/* Begin PBXResourcesBuildPhase section */
		3DA185D721FFCDAB00EAED18 /* Resources */ = {
			isa = PBXResourcesBuildPhase;
			buildActionMask = 2147483647;
			files = (
				3DA185E721FFCDAD00EAED18 /* LaunchScreen.storyboard in Resources */,
				3DA185E421FFCDAD00EAED18 /* Assets.xcassets in Resources */,
				3DA185E221FFCDAB00EAED18 /* Main.storyboard in Resources */,
			);
			runOnlyForDeploymentPostprocessing = 0;
		};
		72393334266E684100004A0D /* Resources */ = {
			isa = PBXResourcesBuildPhase;
			buildActionMask = 2147483647;
			files = (
			);
			runOnlyForDeploymentPostprocessing = 0;
		};
/* End PBXResourcesBuildPhase section */

/* Begin PBXShellScriptBuildPhase section */
		3569CECE5DE786C2364A571C /* [CP] Check Pods Manifest.lock */ = {
			isa = PBXShellScriptBuildPhase;
			buildActionMask = 2147483647;
			files = (
			);
			inputPaths = (
				"${PODS_PODFILE_DIR_PATH}/Podfile.lock",
				"${PODS_ROOT}/Manifest.lock",
			);
			name = "[CP] Check Pods Manifest.lock";
			outputPaths = (
				"$(DERIVED_FILE_DIR)/Pods-SimpleCalculator-checkManifestLockResult.txt",
			);
			runOnlyForDeploymentPostprocessing = 0;
			shellPath = /bin/sh;
			shellScript = "diff \"${PODS_PODFILE_DIR_PATH}/Podfile.lock\" \"${PODS_ROOT}/Manifest.lock\" > /dev/null\nif [ $? != 0 ] ; then\n    # print error to STDERR\n    echo \"error: The sandbox is not in sync with the Podfile.lock. Run 'pod install' or update your CocoaPods installation.\" >&2\n    exit 1\nfi\n# This output is used by Xcode 'outputs' to avoid re-running this script phase.\necho \"SUCCESS\" > \"${SCRIPT_OUTPUT_FILE_0}\"\n";
			showEnvVarsInLog = 0;
		};
		AFC953C99B27C9D128175471 /* [CP] Embed Pods Frameworks */ = {
			isa = PBXShellScriptBuildPhase;
			buildActionMask = 2147483647;
			files = (
			);
			inputPaths = (
				"${SRCROOT}/Pods/Target Support Files/Pods-SimpleCalculator/Pods-SimpleCalculator-frameworks.sh",
				"${BUILT_PRODUCTS_DIR}/Expression/Expression.framework",
			);
			name = "[CP] Embed Pods Frameworks";
			outputPaths = (
				"${TARGET_BUILD_DIR}/${FRAMEWORKS_FOLDER_PATH}/Expression.framework",
			);
			runOnlyForDeploymentPostprocessing = 0;
			shellPath = /bin/sh;
			shellScript = "\"${SRCROOT}/Pods/Target Support Files/Pods-SimpleCalculator/Pods-SimpleCalculator-frameworks.sh\"\n";
			showEnvVarsInLog = 0;
		};
/* End PBXShellScriptBuildPhase section */

/* Begin PBXSourcesBuildPhase section */
		3DA185D521FFCDAB00EAED18 /* Sources */ = {
			isa = PBXSourcesBuildPhase;
			buildActionMask = 2147483647;
			files = (
				3DA185FF2200901C00EAED18 /* Constants.swift in Sources */,
				3DA185F52200801700EAED18 /* SimpleCalcMVP.swift in Sources */,
				3DA185DD21FFCDAB00EAED18 /* AppDelegate.swift in Sources */,
				3DA186012200B15B00EAED18 /* OperationModel.swift in Sources */,
				3DA185FD22008CE200EAED18 /* SimpleCalcViewImpl.swift in Sources */,
				3D7DB3042202513B00DF3698 /* MathCalculator.swift in Sources */,
				3DA185F92200880500EAED18 /* SimpleCalcPresenterImpl.swift in Sources */,
			);
			runOnlyForDeploymentPostprocessing = 0;
		};
		72393332266E684100004A0D /* Sources */ = {
			isa = PBXSourcesBuildPhase;
			buildActionMask = 2147483647;
			files = (
				72B4B2F12670CED40072CA15 /* SimpleCalculatorUIPageObjectTest.swift in Sources */,
				72B4B31B2670DA5F0072CA15 /* PageObject.swift in Sources */,
				72B4B30E2670D9510072CA15 /* BaseClass.swift in Sources */,
				72393339266E684100004A0D /* SimpleCalculatorUITests.swift in Sources */,
				72B4B3152670D98B0072CA15 /* CalculatorScreen.swift in Sources */,
			);
			runOnlyForDeploymentPostprocessing = 0;
		};
/* End PBXSourcesBuildPhase section */

/* Begin PBXTargetDependency section */
		7239333C266E684100004A0D /* PBXTargetDependency */ = {
			isa = PBXTargetDependency;
			target = 3DA185D821FFCDAB00EAED18 /* SimpleCalculator */;
			targetProxy = 7239333B266E684100004A0D /* PBXContainerItemProxy */;
		};
/* End PBXTargetDependency section */

/* Begin PBXVariantGroup section */
		3DA185E021FFCDAB00EAED18 /* Main.storyboard */ = {
			isa = PBXVariantGroup;
			children = (
				3DA185E121FFCDAB00EAED18 /* Base */,
			);
			name = Main.storyboard;
			sourceTree = "<group>";
		};
		3DA185E521FFCDAD00EAED18 /* LaunchScreen.storyboard */ = {
			isa = PBXVariantGroup;
			children = (
				3DA185E621FFCDAD00EAED18 /* Base */,
			);
			name = LaunchScreen.storyboard;
			sourceTree = "<group>";
		};
/* End PBXVariantGroup section */

/* Begin XCBuildConfiguration section */
		3DA185E921FFCDAD00EAED18 /* Debug */ = {
			isa = XCBuildConfiguration;
			buildSettings = {
				ALWAYS_SEARCH_USER_PATHS = NO;
				CLANG_ANALYZER_NONNULL = YES;
				CLANG_ANALYZER_NUMBER_OBJECT_CONVERSION = YES_AGGRESSIVE;
				CLANG_CXX_LANGUAGE_STANDARD = "gnu++14";
				CLANG_CXX_LIBRARY = "libc++";
				CLANG_ENABLE_MODULES = YES;
				CLANG_ENABLE_OBJC_ARC = YES;
				CLANG_ENABLE_OBJC_WEAK = YES;
				CLANG_WARN_BLOCK_CAPTURE_AUTORELEASING = YES;
				CLANG_WARN_BOOL_CONVERSION = YES;
				CLANG_WARN_COMMA = YES;
				CLANG_WARN_CONSTANT_CONVERSION = YES;
				CLANG_WARN_DEPRECATED_OBJC_IMPLEMENTATIONS = YES;
				CLANG_WARN_DIRECT_OBJC_ISA_USAGE = YES_ERROR;
				CLANG_WARN_DOCUMENTATION_COMMENTS = YES;
				CLANG_WARN_EMPTY_BODY = YES;
				CLANG_WARN_ENUM_CONVERSION = YES;
				CLANG_WARN_INFINITE_RECURSION = YES;
				CLANG_WARN_INT_CONVERSION = YES;
				CLANG_WARN_NON_LITERAL_NULL_CONVERSION = YES;
				CLANG_WARN_OBJC_IMPLICIT_RETAIN_SELF = YES;
				CLANG_WARN_OBJC_LITERAL_CONVERSION = YES;
				CLANG_WARN_OBJC_ROOT_CLASS = YES_ERROR;
				CLANG_WARN_RANGE_LOOP_ANALYSIS = YES;
				CLANG_WARN_STRICT_PROTOTYPES = YES;
				CLANG_WARN_SUSPICIOUS_MOVE = YES;
				CLANG_WARN_UNGUARDED_AVAILABILITY = YES_AGGRESSIVE;
				CLANG_WARN_UNREACHABLE_CODE = YES;
				CLANG_WARN__DUPLICATE_METHOD_MATCH = YES;
				CODE_SIGN_IDENTITY = "iPhone Developer";
				COPY_PHASE_STRIP = NO;
				DEBUG_INFORMATION_FORMAT = dwarf;
				ENABLE_STRICT_OBJC_MSGSEND = YES;
				ENABLE_TESTABILITY = YES;
				GCC_C_LANGUAGE_STANDARD = gnu11;
				GCC_DYNAMIC_NO_PIC = NO;
				GCC_NO_COMMON_BLOCKS = YES;
				GCC_OPTIMIZATION_LEVEL = 0;
				GCC_PREPROCESSOR_DEFINITIONS = (
					"DEBUG=1",
					"$(inherited)",
				);
				GCC_WARN_64_TO_32_BIT_CONVERSION = YES;
				GCC_WARN_ABOUT_RETURN_TYPE = YES_ERROR;
				GCC_WARN_UNDECLARED_SELECTOR = YES;
				GCC_WARN_UNINITIALIZED_AUTOS = YES_AGGRESSIVE;
				GCC_WARN_UNUSED_FUNCTION = YES;
				GCC_WARN_UNUSED_VARIABLE = YES;
				IPHONEOS_DEPLOYMENT_TARGET = 12.1;
				MTL_ENABLE_DEBUG_INFO = INCLUDE_SOURCE;
				MTL_FAST_MATH = YES;
				ONLY_ACTIVE_ARCH = YES;
				SDKROOT = iphoneos;
				SWIFT_ACTIVE_COMPILATION_CONDITIONS = DEBUG;
				SWIFT_OPTIMIZATION_LEVEL = "-Onone";
			};
			name = Debug;
		};
		3DA185EA21FFCDAD00EAED18 /* Release */ = {
			isa = XCBuildConfiguration;
			buildSettings = {
				ALWAYS_SEARCH_USER_PATHS = NO;
				CLANG_ANALYZER_NONNULL = YES;
				CLANG_ANALYZER_NUMBER_OBJECT_CONVERSION = YES_AGGRESSIVE;
				CLANG_CXX_LANGUAGE_STANDARD = "gnu++14";
				CLANG_CXX_LIBRARY = "libc++";
				CLANG_ENABLE_MODULES = YES;
				CLANG_ENABLE_OBJC_ARC = YES;
				CLANG_ENABLE_OBJC_WEAK = YES;
				CLANG_WARN_BLOCK_CAPTURE_AUTORELEASING = YES;
				CLANG_WARN_BOOL_CONVERSION = YES;
				CLANG_WARN_COMMA = YES;
				CLANG_WARN_CONSTANT_CONVERSION = YES;
				CLANG_WARN_DEPRECATED_OBJC_IMPLEMENTATIONS = YES;
				CLANG_WARN_DIRECT_OBJC_ISA_USAGE = YES_ERROR;
				CLANG_WARN_DOCUMENTATION_COMMENTS = YES;
				CLANG_WARN_EMPTY_BODY = YES;
				CLANG_WARN_ENUM_CONVERSION = YES;
				CLANG_WARN_INFINITE_RECURSION = YES;
				CLANG_WARN_INT_CONVERSION = YES;
				CLANG_WARN_NON_LITERAL_NULL_CONVERSION = YES;
				CLANG_WARN_OBJC_IMPLICIT_RETAIN_SELF = YES;
				CLANG_WARN_OBJC_LITERAL_CONVERSION = YES;
				CLANG_WARN_OBJC_ROOT_CLASS = YES_ERROR;
				CLANG_WARN_RANGE_LOOP_ANALYSIS = YES;
				CLANG_WARN_STRICT_PROTOTYPES = YES;
				CLANG_WARN_SUSPICIOUS_MOVE = YES;
				CLANG_WARN_UNGUARDED_AVAILABILITY = YES_AGGRESSIVE;
				CLANG_WARN_UNREACHABLE_CODE = YES;
				CLANG_WARN__DUPLICATE_METHOD_MATCH = YES;
				CODE_SIGN_IDENTITY = "iPhone Developer";
				COPY_PHASE_STRIP = NO;
				DEBUG_INFORMATION_FORMAT = "dwarf-with-dsym";
				ENABLE_NS_ASSERTIONS = NO;
				ENABLE_STRICT_OBJC_MSGSEND = YES;
				GCC_C_LANGUAGE_STANDARD = gnu11;
				GCC_NO_COMMON_BLOCKS = YES;
				GCC_WARN_64_TO_32_BIT_CONVERSION = YES;
				GCC_WARN_ABOUT_RETURN_TYPE = YES_ERROR;
				GCC_WARN_UNDECLARED_SELECTOR = YES;
				GCC_WARN_UNINITIALIZED_AUTOS = YES_AGGRESSIVE;
				GCC_WARN_UNUSED_FUNCTION = YES;
				GCC_WARN_UNUSED_VARIABLE = YES;
				IPHONEOS_DEPLOYMENT_TARGET = 12.1;
				MTL_ENABLE_DEBUG_INFO = NO;
				MTL_FAST_MATH = YES;
				SDKROOT = iphoneos;
				SWIFT_COMPILATION_MODE = wholemodule;
				SWIFT_OPTIMIZATION_LEVEL = "-O";
				VALIDATE_PRODUCT = YES;
			};
			name = Release;
		};
		3DA185EC21FFCDAD00EAED18 /* Debug */ = {
			isa = XCBuildConfiguration;
			baseConfigurationReference = 8E60477E2BB28ED4E5B27DD7 /* Pods-SimpleCalculator.debug.xcconfig */;
			buildSettings = {
				ASSETCATALOG_COMPILER_APPICON_NAME = AppIcon;
				CODE_SIGN_STYLE = Automatic;
				DEVELOPMENT_TEAM = "";
				INFOPLIST_FILE = SimpleCalculator/Info.plist;
				LD_RUNPATH_SEARCH_PATHS = (
					"$(inherited)",
					"@executable_path/Frameworks",
				);
				PRODUCT_BUNDLE_IDENTIFIER = NordTunes.SimpleCalculator;
				PRODUCT_NAME = "$(TARGET_NAME)";
				SWIFT_VERSION = 4.2;
				TARGETED_DEVICE_FAMILY = "1,2";
			};
			name = Debug;
		};
		3DA185ED21FFCDAD00EAED18 /* Release */ = {
			isa = XCBuildConfiguration;
			baseConfigurationReference = 7BF78B81773B3FC4F962056A /* Pods-SimpleCalculator.release.xcconfig */;
			buildSettings = {
				ASSETCATALOG_COMPILER_APPICON_NAME = AppIcon;
				CODE_SIGN_STYLE = Automatic;
				DEVELOPMENT_TEAM = "";
				INFOPLIST_FILE = SimpleCalculator/Info.plist;
				LD_RUNPATH_SEARCH_PATHS = (
					"$(inherited)",
					"@executable_path/Frameworks",
				);
				PRODUCT_BUNDLE_IDENTIFIER = NordTunes.SimpleCalculator;
				PRODUCT_NAME = "$(TARGET_NAME)";
				SWIFT_VERSION = 4.2;
				TARGETED_DEVICE_FAMILY = "1,2";
			};
			name = Release;
		};
		7239333E266E684100004A0D /* Debug */ = {
			isa = XCBuildConfiguration;
			buildSettings = {
				CLANG_WARN_QUOTED_INCLUDE_IN_FRAMEWORK_HEADER = YES;
				CODE_SIGN_STYLE = Automatic;
				DEVELOPMENT_TEAM = B5T9HL953S;
				INFOPLIST_FILE = SimpleCalculatorUITests/Info.plist;
				IPHONEOS_DEPLOYMENT_TARGET = 14.0;
				LD_RUNPATH_SEARCH_PATHS = (
					"$(inherited)",
					"@executable_path/Frameworks",
					"@loader_path/Frameworks",
				);
				PRODUCT_BUNDLE_IDENTIFIER = NordTunes.SimpleCalculatorUITests;
				PRODUCT_NAME = "$(TARGET_NAME)";
				SWIFT_VERSION = 5.0;
				TARGETED_DEVICE_FAMILY = "1,2";
				TEST_TARGET_NAME = SimpleCalculator;
			};
			name = Debug;
		};
		7239333F266E684100004A0D /* Release */ = {
			isa = XCBuildConfiguration;
			buildSettings = {
				CLANG_WARN_QUOTED_INCLUDE_IN_FRAMEWORK_HEADER = YES;
				CODE_SIGN_STYLE = Automatic;
				DEVELOPMENT_TEAM = B5T9HL953S;
				INFOPLIST_FILE = SimpleCalculatorUITests/Info.plist;
				IPHONEOS_DEPLOYMENT_TARGET = 14.0;
				LD_RUNPATH_SEARCH_PATHS = (
					"$(inherited)",
					"@executable_path/Frameworks",
					"@loader_path/Frameworks",
				);
				PRODUCT_BUNDLE_IDENTIFIER = NordTunes.SimpleCalculatorUITests;
				PRODUCT_NAME = "$(TARGET_NAME)";
				SWIFT_VERSION = 5.0;
				TARGETED_DEVICE_FAMILY = "1,2";
				TEST_TARGET_NAME = SimpleCalculator;
			};
			name = Release;
		};
/* End XCBuildConfiguration section */

/* Begin XCConfigurationList section */
		3DA185D421FFCDAB00EAED18 /* Build configuration list for PBXProject "SimpleCalculator" */ = {
			isa = XCConfigurationList;
			buildConfigurations = (
				3DA185E921FFCDAD00EAED18 /* Debug */,
				3DA185EA21FFCDAD00EAED18 /* Release */,
			);
			defaultConfigurationIsVisible = 0;
			defaultConfigurationName = Release;
		};
		3DA185EB21FFCDAD00EAED18 /* Build configuration list for PBXNativeTarget "SimpleCalculator" */ = {
			isa = XCConfigurationList;
			buildConfigurations = (
				3DA185EC21FFCDAD00EAED18 /* Debug */,
				3DA185ED21FFCDAD00EAED18 /* Release */,
			);
			defaultConfigurationIsVisible = 0;
			defaultConfigurationName = Release;
		};
		7239333D266E684100004A0D /* Build configuration list for PBXNativeTarget "SimpleCalculatorUITests" */ = {
			isa = XCConfigurationList;
			buildConfigurations = (
				7239333E266E684100004A0D /* Debug */,
				7239333F266E684100004A0D /* Release */,
			);
			defaultConfigurationIsVisible = 0;
			defaultConfigurationName = Release;
		};
/* End XCConfigurationList section */
	};
	rootObject = 3DA185D121FFCDAB00EAED18 /* Project object */;
}
